// !$*UTF8*$!
{
	archiveVersion = 1;
	classes = {
	};
	objectVersion = 46;
	objects = {

/* Begin PBXBuildFile section */
		786D3A951C7A8FC80014A42E /* main.cpp in Sources */ = {isa = PBXBuildFile; fileRef = 786D3A941C7A8FC80014A42E /* main.cpp */; };
		786D3A9F1C7B9A400014A42E /* Kitchen.cpp in Sources */ = {isa = PBXBuildFile; fileRef = 786D3A9D1C7B9A400014A42E /* Kitchen.cpp */; };
		786D3AA01C7B9A400014A42E /* Recipe.cpp in Sources */ = {isa = PBXBuildFile; fileRef = 786D3A9E1C7B9A400014A42E /* Recipe.cpp */; };
		786D3AAC1C7CCA300014A42E /* Ingredient.cpp in Sources */ = {isa = PBXBuildFile; fileRef = 786D3AAA1C7CCA300014A42E /* Ingredient.cpp */; };
/* End PBXBuildFile section */

/* Begin PBXCopyFilesBuildPhase section */
		786D3A8F1C7A8FC80014A42E /* CopyFiles */ = {
			isa = PBXCopyFilesBuildPhase;
			buildActionMask = 2147483647;
			dstPath = /usr/share/man/man1/;
			dstSubfolderSpec = 0;
			files = (
			);
			runOnlyForDeploymentPostprocessing = 1;
		};
/* End PBXCopyFilesBuildPhase section */

/* Begin PBXFileReference section */
		786D3A911C7A8FC80014A42E /* hw4 */ = {isa = PBXFileReference; explicitFileType = "compiled.mach-o.executable"; includeInIndex = 0; path = hw4; sourceTree = BUILT_PRODUCTS_DIR; };
		786D3A941C7A8FC80014A42E /* main.cpp */ = {isa = PBXFileReference; lastKnownFileType = sourcecode.cpp.cpp; path = main.cpp; sourceTree = "<group>"; };
		786D3A9B1C7A90670014A42E /* Kitchen.h */ = {isa = PBXFileReference; fileEncoding = 4; lastKnownFileType = sourcecode.c.h; path = Kitchen.h; sourceTree = "<group>"; };
		786D3A9C1C7A90670014A42E /* Recipe.h */ = {isa = PBXFileReference; fileEncoding = 4; lastKnownFileType = sourcecode.c.h; path = Recipe.h; sourceTree = "<group>"; };
		786D3A9D1C7B9A400014A42E /* Kitchen.cpp */ = {isa = PBXFileReference; fileEncoding = 4; lastKnownFileType = sourcecode.cpp.cpp; path = Kitchen.cpp; sourceTree = "<group>"; };
		786D3A9E1C7B9A400014A42E /* Recipe.cpp */ = {isa = PBXFileReference; fileEncoding = 4; lastKnownFileType = sourcecode.cpp.cpp; path = Recipe.cpp; sourceTree = "<group>"; };
		786D3AAA1C7CCA300014A42E /* Ingredient.cpp */ = {isa = PBXFileReference; fileEncoding = 4; lastKnownFileType = sourcecode.cpp.cpp; path = Ingredient.cpp; sourceTree = "<group>"; };
		786D3AAB1C7CCA300014A42E /* Ingredient.h */ = {isa = PBXFileReference; fileEncoding = 4; lastKnownFileType = sourcecode.c.h; path = Ingredient.h; sourceTree = "<group>"; };
/* End PBXFileReference section */

/* Begin PBXFrameworksBuildPhase section */
		786D3A8E1C7A8FC80014A42E /* Frameworks */ = {
			isa = PBXFrameworksBuildPhase;
			buildActionMask = 2147483647;
			files = (
			);
			runOnlyForDeploymentPostprocessing = 0;
		};
/* End PBXFrameworksBuildPhase section */

/* Begin PBXGroup section */
		786D3A881C7A8FC80014A42E = {
			isa = PBXGroup;
			children = (
				786D3A931C7A8FC80014A42E /* hw4 */,
				786D3A921C7A8FC80014A42E /* Products */,
			);
			sourceTree = "<group>";
		};
		786D3A921C7A8FC80014A42E /* Products */ = {
			isa = PBXGroup;
			children = (
				786D3A911C7A8FC80014A42E /* hw4 */,
			);
			name = Products;
			sourceTree = "<group>";
		};
		786D3A931C7A8FC80014A42E /* hw4 */ = {
			isa = PBXGroup;
			children = (
				786D3A941C7A8FC80014A42E /* main.cpp */,
				786D3AAB1C7CCA300014A42E /* Ingredient.h */,
				786D3AAA1C7CCA300014A42E /* Ingredient.cpp */,
				786D3A9C1C7A90670014A42E /* Recipe.h */,
				786D3A9E1C7B9A400014A42E /* Recipe.cpp */,
				786D3A9B1C7A90670014A42E /* Kitchen.h */,
				786D3A9D1C7B9A400014A42E /* Kitchen.cpp */,
			);
			path = hw4;
			sourceTree = "<group>";
		};
/* End PBXGroup section */

/* Begin PBXNativeTarget section */
		786D3A901C7A8FC80014A42E /* hw4 */ = {
			isa = PBXNativeTarget;
			buildConfigurationList = 786D3A981C7A8FC80014A42E /* Build configuration list for PBXNativeTarget "hw4" */;
			buildPhases = (
				786D3A8D1C7A8FC80014A42E /* Sources */,
				786D3A8E1C7A8FC80014A42E /* Frameworks */,
				786D3A8F1C7A8FC80014A42E /* CopyFiles */,
			);
			buildRules = (
			);
			dependencies = (
			);
			name = hw4;
			productName = hw4;
			productReference = 786D3A911C7A8FC80014A42E /* hw4 */;
			productType = "com.apple.product-type.tool";
		};
/* End PBXNativeTarget section */

/* Begin PBXProject section */
		786D3A891C7A8FC80014A42E /* Project object */ = {
			isa = PBXProject;
			attributes = {
				LastUpgradeCheck = 0720;
				ORGANIZATIONNAME = "Christopher Chandler";
				TargetAttributes = {
					786D3A901C7A8FC80014A42E = {
						CreatedOnToolsVersion = 7.2;
					};
				};
			};
			buildConfigurationList = 786D3A8C1C7A8FC80014A42E /* Build configuration list for PBXProject "hw4" */;
			compatibilityVersion = "Xcode 3.2";
			developmentRegion = English;
			hasScannedForEncodings = 0;
			knownRegions = (
				en,
			);
			mainGroup = 786D3A881C7A8FC80014A42E;
			productRefGroup = 786D3A921C7A8FC80014A42E /* Products */;
			projectDirPath = "";
			projectRoot = "";
			targets = (
				786D3A901C7A8FC80014A42E /* hw4 */,
			);
		};
/* End PBXProject section */

/* Begin PBXSourcesBuildPhase section */
		786D3A8D1C7A8FC80014A42E /* Sources */ = {
			isa = PBXSourcesBuildPhase;
			buildActionMask = 2147483647;
			files = (
				786D3AAC1C7CCA300014A42E /* Ingredient.cpp in Sources */,
				786D3A9F1C7B9A400014A42E /* Kitchen.cpp in Sources */,
				786D3AA01C7B9A400014A42E /* Recipe.cpp in Sources */,
				786D3A951C7A8FC80014A42E /* main.cpp in Sources */,
			);
			runOnlyForDeploymentPostprocessing = 0;
		};
/* End PBXSourcesBuildPhase section */

/* Begin XCBuildConfiguration section */
		786D3A961C7A8FC80014A42E /* Debug */ = {
			isa = XCBuildConfiguration;
			buildSettings = {
				ALWAYS_SEARCH_USER_PATHS = NO;
				CLANG_CXX_LANGUAGE_STANDARD = "gnu++0x";
				CLANG_CXX_LIBRARY = "libc++";
				CLANG_ENABLE_MODULES = YES;
				CLANG_ENABLE_OBJC_ARC = YES;
				CLANG_WARN_BOOL_CONVERSION = YES;
				CLANG_WARN_CONSTANT_CONVERSION = YES;
				CLANG_WARN_DIRECT_OBJC_ISA_USAGE = YES_ERROR;
				CLANG_WARN_EMPTY_BODY = YES;
				CLANG_WARN_ENUM_CONVERSION = YES;
				CLANG_WARN_INT_CONVERSION = YES;
				CLANG_WARN_OBJC_ROOT_CLASS = YES_ERROR;
				CLANG_WARN_UNREACHABLE_CODE = YES;
				CLANG_WARN__DUPLICATE_METHOD_MATCH = YES;
				CODE_SIGN_IDENTITY = "-";
				COPY_PHASE_STRIP = NO;
				DEBUG_INFORMATION_FORMAT = dwarf;
				ENABLE_STRICT_OBJC_MSGSEND = YES;
				ENABLE_TESTABILITY = YES;
				GCC_C_LANGUAGE_STANDARD = gnu99;
				GCC_DYNAMIC_NO_PIC = NO;
				GCC_NO_COMMON_BLOCKS = YES;
				GCC_OPTIMIZATION_LEVEL = 0;
				GCC_PREPROCESSOR_DEFINITIONS = (
					"DEBUG=1",
					"$(inherited)",
				);
				GCC_WARN_64_TO_32_BIT_CONVERSION = YES;
				GCC_WARN_ABOUT_RETURN_TYPE = YES_ERROR;
				GCC_WARN_UNDECLARED_SELECTOR = YES;
				GCC_WARN_UNINITIALIZED_AUTOS = YES_AGGRESSIVE;
				GCC_WARN_UNUSED_FUNCTION = YES;
				GCC_WARN_UNUSED_VARIABLE = YES;
				MACOSX_DEPLOYMENT_TARGET = 10.11;
				MTL_ENABLE_DEBUG_INFO = YES;
				ONLY_ACTIVE_ARCH = YES;
				SDKROOT = macosx;
			};
			name = Debug;
		};
		786D3A971C7A8FC80014A42E /* Release */ = {
			isa = XCBuildConfiguration;
			buildSettings = {
				ALWAYS_SEARCH_USER_PATHS = NO;
				CLANG_CXX_LANGUAGE_STANDARD = "gnu++0x";
				CLANG_CXX_LIBRARY = "libc++";
				CLANG_ENABLE_MODULES = YES;
				CLANG_ENABLE_OBJC_ARC = YES;
				CLANG_WARN_BOOL_CONVERSION = YES;
				CLANG_WARN_CONSTANT_CONVERSION = YES;
				CLANG_WARN_DIRECT_OBJC_ISA_USAGE = YES_ERROR;
				CLANG_WARN_EMPTY_BODY = YES;
				CLANG_WARN_ENUM_CONVERSION = YES;
				CLANG_WARN_INT_CONVERSION = YES;
				CLANG_WARN_OBJC_ROOT_CLASS = YES_ERROR;
				CLANG_WARN_UNREACHABLE_CODE = YES;
				CLANG_WARN__DUPLICATE_METHOD_MATCH = YES;
				CODE_SIGN_IDENTITY = "-";
				COPY_PHASE_STRIP = NO;
				DEBUG_INFORMATION_FORMAT = "dwarf-with-dsym";
				ENABLE_NS_ASSERTIONS = NO;
				ENABLE_STRICT_OBJC_MSGSEND = YES;
				GCC_C_LANGUAGE_STANDARD = gnu99;
				GCC_NO_COMMON_BLOCKS = YES;
				GCC_WARN_64_TO_32_BIT_CONVERSION = YES;
				GCC_WARN_ABOUT_RETURN_TYPE = YES_ERROR;
				GCC_WARN_UNDECLARED_SELECTOR = YES;
				GCC_WARN_UNINITIALIZED_AUTOS = YES_AGGRESSIVE;
				GCC_WARN_UNUSED_FUNCTION = YES;
				GCC_WARN_UNUSED_VARIABLE = YES;
				MACOSX_DEPLOYMENT_TARGET = 10.11;
				MTL_ENABLE_DEBUG_INFO = NO;
				SDKROOT = macosx;
			};
			name = Release;
		};
		786D3A991C7A8FC80014A42E /* Debug */ = {
			isa = XCBuildConfiguration;
			buildSettings = {
				PRODUCT_NAME = "$(TARGET_NAME)";
			};
			name = Debug;
		};
		786D3A9A1C7A8FC80014A42E /* Release */ = {
			isa = XCBuildConfiguration;
			buildSettings = {
				PRODUCT_NAME = "$(TARGET_NAME)";
			};
			name = Release;
		};
/* End XCBuildConfiguration section */

/* Begin XCConfigurationList section */
		786D3A8C1C7A8FC80014A42E /* Build configuration list for PBXProject "hw4" */ = {
			isa = XCConfigurationList;
			buildConfigurations = (
				786D3A961C7A8FC80014A42E /* Debug */,
				786D3A971C7A8FC80014A42E /* Release */,
			);
			defaultConfigurationIsVisible = 0;
			defaultConfigurationName = Release;
		};
		786D3A981C7A8FC80014A42E /* Build configuration list for PBXNativeTarget "hw4" */ = {
			isa = XCConfigurationList;
			buildConfigurations = (
				786D3A991C7A8FC80014A42E /* Debug */,
				786D3A9A1C7A8FC80014A42E /* Release */,
			);
			defaultConfigurationIsVisible = 0;
		};
/* End XCConfigurationList section */
	};
	rootObject = 786D3A891C7A8FC80014A42E /* Project object */;
}
